
Microsoft Visual Studio Solution File, Format Version 12.00
# Visual Studio Version 17
VisualStudioVersion = 17.5.002.0
MinimumVisualStudioVersion = 10.0.40219.1
Project("{9A19103F-16F7-4668-BE54-9A1E7A4F7556}") = "llm", "sk\sk.csproj", "{C04EEABC-6118-4273-8457-404F06F725B2}"
EndProject
Project("{9A19103F-16F7-4668-BE54-9A1E7A4F7556}") = "Chat", "bot\bot.csproj", "{D5882BA3-AC41-4856-9206-494A5243C8F0}"
EndProject
Project("{FAE04EC0-301F-11D3-BF4B-00C04F79EFBC}") = "Shared", "shared\shared.csproj", "{A6DA7955-E64A-41DC-8E38-17175EE9DC0C}"
EndProject
Global
	GlobalSection(SolutionConfigurationPlatforms) = preSolution
		Debug|Any CPU = Debug|Any CPU
		Release|Any CPU = Release|Any CPU
	EndGlobalSection
	GlobalSection(ProjectConfigurationPlatforms) = postSolution
		{C04EEABC-6118-4273-8457-404F06F725B2}.Debug|Any CPU.ActiveCfg = Debug|Any CPU
		{C04EEABC-6118-4273-8457-404F06F725B2}.Debug|Any CPU.Build.0 = Debug|Any CPU
		{C04EEABC-6118-4273-8457-404F06F725B2}.Release|Any CPU.ActiveCfg = Release|Any CPU
		{C04EEABC-6118-4273-8457-404F06F725B2}.Release|Any CPU.Build.0 = Release|Any CPU
		{D5882BA3-AC41-4856-9206-494A5243C8F0}.Debug|Any CPU.ActiveCfg = Debug|Any CPU
		{D5882BA3-AC41-4856-9206-494A5243C8F0}.Debug|Any CPU.Build.0 = Debug|Any CPU
		{D5882BA3-AC41-4856-9206-494A5243C8F0}.Release|Any CPU.ActiveCfg = Release|Any CPU
		{D5882BA3-AC41-4856-9206-494A5243C8F0}.Release|Any CPU.Build.0 = Release|Any CPU
		{A6DA7955-E64A-41DC-8E38-17175EE9DC0C}.Debug|Any CPU.ActiveCfg = Debug|Any CPU
		{A6DA7955-E64A-41DC-8E38-17175EE9DC0C}.Debug|Any CPU.Build.0 = Debug|Any CPU
		{A6DA7955-E64A-41DC-8E38-17175EE9DC0C}.Release|Any CPU.ActiveCfg = Release|Any CPU
		{A6DA7955-E64A-41DC-8E38-17175EE9DC0C}.Release|Any CPU.Build.0 = Release|Any CPU
	EndGlobalSection
	GlobalSection(SolutionProperties) = preSolution
		HideSolutionNode = FALSE
	EndGlobalSection
	GlobalSection(ExtensibilityGlobals) = postSolution
		SolutionGuid = {F35FD0D0-16C1-4A88-81E4-0C401184A660}
	EndGlobalSection
EndGlobal