
Microsoft Visual Studio Solution File, Format Version 12.00
# Visual Studio Version 17
VisualStudioVersion = 17.10.35027.167
MinimumVisualStudioVersion = 10.0.40219.1
Project("{9A19103F-16F7-4668-BE54-9A1E7A4F7556}") = "memory", "memory.csproj", "{6053620E-0A14-4401-A482-6E625CD864B2}"
EndProject
Project("{9A19103F-16F7-4668-BE54-9A1E7A4F7556}") = "shared", "..\shared\shared.csproj", "{12A831E5-2A53-4E18-B942-6BC207EB11EF}"
EndProject
Global
	GlobalSection(SolutionConfigurationPlatforms) = preSolution
		Debug|Any CPU = Debug|Any CPU
		Release|Any CPU = Release|Any CPU
	EndGlobalSection
	GlobalSection(ProjectConfigurationPlatforms) = postSolution
		{6053620E-0A14-4401-A482-6E625CD864B2}.Debug|Any CPU.ActiveCfg = Debug|Any CPU
		{6053620E-0A14-4401-A482-6E625CD864B2}.Debug|Any CPU.Build.0 = Debug|Any CPU
		{6053620E-0A14-4401-A482-6E625CD864B2}.Release|Any CPU.ActiveCfg = Release|Any CPU
		{6053620E-0A14-4401-A482-6E625CD864B2}.Release|Any CPU.Build.0 = Release|Any CPU
		{12A831E5-2A53-4E18-B942-6BC207EB11EF}.Debug|Any CPU.ActiveCfg = Debug|Any CPU
		{12A831E5-2A53-4E18-B942-6BC207EB11EF}.Debug|Any CPU.Build.0 = Debug|Any CPU
		{12A831E5-2A53-4E18-B942-6BC207EB11EF}.Release|Any CPU.ActiveCfg = Release|Any CPU
		{12A831E5-2A53-4E18-B942-6BC207EB11EF}.Release|Any CPU.Build.0 = Release|Any CPU
	EndGlobalSection
	GlobalSection(SolutionProperties) = preSolution
		HideSolutionNode = FALSE
	EndGlobalSection
	GlobalSection(ExtensibilityGlobals) = postSolution
		SolutionGuid = {9EAD7E2F-3096-41B8-A733-452D791FD002}
	EndGlobalSection
EndGlobal
