
Microsoft Visual Studio Solution File, Format Version 12.00
# Visual Studio Version 17
VisualStudioVersion = 17.10.35027.167
MinimumVisualStudioVersion = 10.0.40219.1
Project("{9A19103F-16F7-4668-BE54-9A1E7A4F7556}") = "bot", "bot.csproj", "{51A01D10-42EF-46D0-BCD8-FEA042A2685F}"
EndProject
Project("{9A19103F-16F7-4668-BE54-9A1E7A4F7556}") = "shared", "..\shared\shared.csproj", "{ECF425D4-E63F-4E33-9BD7-3232EA659928}"
EndProject
Project("{9A19103F-16F7-4668-BE54-9A1E7A4F7556}") = "change-feed", "..\changefeed\change-feed.csproj", "{7B34B7BF-BAFA-47C6-A53D-651601E16D90}"
EndProject
Global
	GlobalSection(SolutionConfigurationPlatforms) = preSolution
		Debug|Any CPU = Debug|Any CPU
		Release|Any CPU = Release|Any CPU
	EndGlobalSection
	GlobalSection(ProjectConfigurationPlatforms) = postSolution
		{51A01D10-42EF-46D0-BCD8-FEA042A2685F}.Debug|Any CPU.ActiveCfg = Debug|Any CPU
		{51A01D10-42EF-46D0-BCD8-FEA042A2685F}.Debug|Any CPU.Build.0 = Debug|Any CPU
		{51A01D10-42EF-46D0-BCD8-FEA042A2685F}.Release|Any CPU.ActiveCfg = Release|Any CPU
		{51A01D10-42EF-46D0-BCD8-FEA042A2685F}.Release|Any CPU.Build.0 = Release|Any CPU
		{ECF425D4-E63F-4E33-9BD7-3232EA659928}.Debug|Any CPU.ActiveCfg = Debug|Any CPU
		{ECF425D4-E63F-4E33-9BD7-3232EA659928}.Debug|Any CPU.Build.0 = Debug|Any CPU
		{ECF425D4-E63F-4E33-9BD7-3232EA659928}.Release|Any CPU.ActiveCfg = Release|Any CPU
		{ECF425D4-E63F-4E33-9BD7-3232EA659928}.Release|Any CPU.Build.0 = Release|Any CPU
		{7B34B7BF-BAFA-47C6-A53D-651601E16D90}.Debug|Any CPU.ActiveCfg = Debug|Any CPU
		{7B34B7BF-BAFA-47C6-A53D-651601E16D90}.Debug|Any CPU.Build.0 = Debug|Any CPU
		{7B34B7BF-BAFA-47C6-A53D-651601E16D90}.Release|Any CPU.ActiveCfg = Release|Any CPU
		{7B34B7BF-BAFA-47C6-A53D-651601E16D90}.Release|Any CPU.Build.0 = Release|Any CPU
	EndGlobalSection
	GlobalSection(SolutionProperties) = preSolution
		HideSolutionNode = FALSE
	EndGlobalSection
	GlobalSection(ExtensibilityGlobals) = postSolution
		SolutionGuid = {3A1B7E83-E46C-4C9D-96C8-52B08C38304B}
	EndGlobalSection
EndGlobal
