
Microsoft Visual Studio Solution File, Format Version 12.00
# Visual Studio Version 17
VisualStudioVersion = 17.5.002.0
MinimumVisualStudioVersion = 10.0.40219.1
Project("{9A19103F-16F7-4668-BE54-9A1E7A4F7556}") = "bot", "bot.csproj", "{A0BFA673-9B54-440F-80D9-4FED3052FC30}"
EndProject
Global
	GlobalSection(SolutionConfigurationPlatforms) = preSolution
		Debug|Any CPU = Debug|Any CPU
		Release|Any CPU = Release|Any CPU
	EndGlobalSection
	GlobalSection(ProjectConfigurationPlatforms) = postSolution
		{A0BFA673-9B54-440F-80D9-4FED3052FC30}.Debug|Any CPU.ActiveCfg = Debug|Any CPU
		{A0BFA673-9B54-440F-80D9-4FED3052FC30}.Debug|Any CPU.Build.0 = Debug|Any CPU
		{A0BFA673-9B54-440F-80D9-4FED3052FC30}.Release|Any CPU.ActiveCfg = Release|Any CPU
		{A0BFA673-9B54-440F-80D9-4FED3052FC30}.Release|Any CPU.Build.0 = Release|Any CPU
	EndGlobalSection
	GlobalSection(SolutionProperties) = preSolution
		HideSolutionNode = FALSE
	EndGlobalSection
	GlobalSection(ExtensibilityGlobals) = postSolution
		SolutionGuid = {5A9AC188-5D42-4371-A585-8A82B7B7BD98}
	EndGlobalSection
EndGlobal
